{
  "name": "simter-file-static",
  "version": "0.1.0",
  "lockfileVersion": 1,
  "requires": true,
  "dependencies": {
    "vue": {
      "version": "2.5.13",
      "resolved": "http://127.0.0.1:8081/repository/npmjs-public/vue/-/vue-2.5.13.tgz",
      "integrity": "sha1-lb0x4g7896fzkjnJqmeHzoz1eOE="
    }
  }
}
